
Microsoft Visual Studio Solution File, Format Version 12.00
# Visual Studio Version 17
VisualStudioVersion = 17.14.36408.4
MinimumVisualStudioVersion = 10.0.40219.1
Project("{FAE04EC0-301F-11D3-BF4B-00C04F79EFBC}") = "01_program_route", "01_program_route\01_program_route.csproj", "{EBD552B3-CF22-4E2C-9013-511FCAAABB65}"
EndProject
Project("{FAE04EC0-301F-11D3-BF4B-00C04F79EFBC}") = "02_controllertoview", "02_controllertoview\02_controllertoview.csproj", "{D2DEE48F-4371-4DEA-B60F-EE6CB9D5CE03}"
EndProject
Project("{FAE04EC0-301F-11D3-BF4B-00C04F79EFBC}") = "03_viewtocontroller", "03_viewtocontroller\03_viewtocontroller.csproj", "{332D871A-EDF5-49D4-BBB8-3F0DA6B1F172}"
EndProject
Project("{FAE04EC0-301F-11D3-BF4B-00C04F79EFBC}") = "04_viewdata_viewbag_tempdata", "04_viewdata_viewbag_tempdata\04_viewdata_viewbag_tempdata.csproj", "{38FC2A00-9F49-467D-A4E6-C6744F14C102}"
EndProject
Project("{FAE04EC0-301F-11D3-BF4B-00C04F79EFBC}") = "05_html_helpers", "05_html_helpers\05_html_helpers.csproj", "{7C95933A-EF0F-473B-A199-E0947074E5BF}"
EndProject
Project("{FAE04EC0-301F-11D3-BF4B-00C04F79EFBC}") = "06_custom_helpers", "06_custom_helpers\06_custom_helpers.csproj", "{D6202B87-62F2-471E-B6FA-7DDBF60B9B18}"
EndProject
Project("{FAE04EC0-301F-11D3-BF4B-00C04F79EFBC}") = "07_view_layout_partialview", "07_view_layout_partialview\07_view_layout_partialview.csproj", "{80A27438-1A8C-4463-A608-CF24223BEEA2}"
EndProject
Project("{FAE04EC0-301F-11D3-BF4B-00C04F79EFBC}") = "08_render_section_nested", "08_render_section_nested\08_render_section_nested.csproj", "{DED8DF01-6B19-4F3F-B1C5-70187C1DA10E}"
EndProject
Project("{FAE04EC0-301F-11D3-BF4B-00C04F79EFBC}") = "09_ModelsBinding", "09_ModelsBinding\09_ModelsBinding.csproj", "{2DA36B89-9F93-4ED3-BCA2-CCDA77605708}"
EndProject
Project("{FAE04EC0-301F-11D3-BF4B-00C04F79EFBC}") = "10_fluentvalidation", "10_fluentvalidation\10_fluentvalidation.csproj", "{41E92FEE-24BB-43C5-900E-1BC73F6862AC}"
EndProject
Project("{FAE04EC0-301F-11D3-BF4B-00C04F79EFBC}") = "11_automapper", "11_automapper\11_automapper.csproj", "{E34FFC24-566A-4094-9D00-89C72B9E54D4}"
EndProject
Project("{FAE04EC0-301F-11D3-BF4B-00C04F79EFBC}") = "12_dependency_injection", "12_dependency_injection\12_dependency_injection.csproj", "{23D5168B-0B81-44B7-8B06-E1187D97AE91}"
EndProject
Project("{FAE04EC0-301F-11D3-BF4B-00C04F79EFBC}") = "13_dependency_injection_2", "13_dependency_injection_2\13_dependency_injection_2.csproj", "{E717033A-C172-4EC0-90A6-B268BDF842F5}"
EndProject
Project("{FAE04EC0-301F-11D3-BF4B-00C04F79EFBC}") = "14_state_management", "14_state_management\14_state_management.csproj", "{498B61D6-D808-4A6A-8CE4-24A8D85C1EB8}"
EndProject
Project("{FAE04EC0-301F-11D3-BF4B-00C04F79EFBC}") = "14_state_management_2", "14_state_management_2\14_state_management_2.csproj", "{879A6782-F24A-4ED2-AA3C-7DC814FF60BE}"
EndProject
Global
	GlobalSection(SolutionConfigurationPlatforms) = preSolution
		Debug|Any CPU = Debug|Any CPU
		Release|Any CPU = Release|Any CPU
	EndGlobalSection
	GlobalSection(ProjectConfigurationPlatforms) = postSolution
		{EBD552B3-CF22-4E2C-9013-511FCAAABB65}.Debug|Any CPU.ActiveCfg = Debug|Any CPU
		{EBD552B3-CF22-4E2C-9013-511FCAAABB65}.Debug|Any CPU.Build.0 = Debug|Any CPU
		{EBD552B3-CF22-4E2C-9013-511FCAAABB65}.Release|Any CPU.ActiveCfg = Release|Any CPU
		{EBD552B3-CF22-4E2C-9013-511FCAAABB65}.Release|Any CPU.Build.0 = Release|Any CPU
		{D2DEE48F-4371-4DEA-B60F-EE6CB9D5CE03}.Debug|Any CPU.ActiveCfg = Debug|Any CPU
		{D2DEE48F-4371-4DEA-B60F-EE6CB9D5CE03}.Debug|Any CPU.Build.0 = Debug|Any CPU
		{D2DEE48F-4371-4DEA-B60F-EE6CB9D5CE03}.Release|Any CPU.ActiveCfg = Release|Any CPU
		{D2DEE48F-4371-4DEA-B60F-EE6CB9D5CE03}.Release|Any CPU.Build.0 = Release|Any CPU
		{332D871A-EDF5-49D4-BBB8-3F0DA6B1F172}.Debug|Any CPU.ActiveCfg = Debug|Any CPU
		{332D871A-EDF5-49D4-BBB8-3F0DA6B1F172}.Debug|Any CPU.Build.0 = Debug|Any CPU
		{332D871A-EDF5-49D4-BBB8-3F0DA6B1F172}.Release|Any CPU.ActiveCfg = Release|Any CPU
		{332D871A-EDF5-49D4-BBB8-3F0DA6B1F172}.Release|Any CPU.Build.0 = Release|Any CPU
		{38FC2A00-9F49-467D-A4E6-C6744F14C102}.Debug|Any CPU.ActiveCfg = Debug|Any CPU
		{38FC2A00-9F49-467D-A4E6-C6744F14C102}.Debug|Any CPU.Build.0 = Debug|Any CPU
		{38FC2A00-9F49-467D-A4E6-C6744F14C102}.Release|Any CPU.ActiveCfg = Release|Any CPU
		{38FC2A00-9F49-467D-A4E6-C6744F14C102}.Release|Any CPU.Build.0 = Release|Any CPU
		{7C95933A-EF0F-473B-A199-E0947074E5BF}.Debug|Any CPU.ActiveCfg = Debug|Any CPU
		{7C95933A-EF0F-473B-A199-E0947074E5BF}.Debug|Any CPU.Build.0 = Debug|Any CPU
		{7C95933A-EF0F-473B-A199-E0947074E5BF}.Release|Any CPU.ActiveCfg = Release|Any CPU
		{7C95933A-EF0F-473B-A199-E0947074E5BF}.Release|Any CPU.Build.0 = Release|Any CPU
		{D6202B87-62F2-471E-B6FA-7DDBF60B9B18}.Debug|Any CPU.ActiveCfg = Debug|Any CPU
		{D6202B87-62F2-471E-B6FA-7DDBF60B9B18}.Debug|Any CPU.Build.0 = Debug|Any CPU
		{D6202B87-62F2-471E-B6FA-7DDBF60B9B18}.Release|Any CPU.ActiveCfg = Release|Any CPU
		{D6202B87-62F2-471E-B6FA-7DDBF60B9B18}.Release|Any CPU.Build.0 = Release|Any CPU
		{80A27438-1A8C-4463-A608-CF24223BEEA2}.Debug|Any CPU.ActiveCfg = Debug|Any CPU
		{80A27438-1A8C-4463-A608-CF24223BEEA2}.Debug|Any CPU.Build.0 = Debug|Any CPU
		{80A27438-1A8C-4463-A608-CF24223BEEA2}.Release|Any CPU.ActiveCfg = Release|Any CPU
		{80A27438-1A8C-4463-A608-CF24223BEEA2}.Release|Any CPU.Build.0 = Release|Any CPU
		{DED8DF01-6B19-4F3F-B1C5-70187C1DA10E}.Debug|Any CPU.ActiveCfg = Debug|Any CPU
		{DED8DF01-6B19-4F3F-B1C5-70187C1DA10E}.Debug|Any CPU.Build.0 = Debug|Any CPU
		{DED8DF01-6B19-4F3F-B1C5-70187C1DA10E}.Release|Any CPU.ActiveCfg = Release|Any CPU
		{DED8DF01-6B19-4F3F-B1C5-70187C1DA10E}.Release|Any CPU.Build.0 = Release|Any CPU
		{2DA36B89-9F93-4ED3-BCA2-CCDA77605708}.Debug|Any CPU.ActiveCfg = Debug|Any CPU
		{2DA36B89-9F93-4ED3-BCA2-CCDA77605708}.Debug|Any CPU.Build.0 = Debug|Any CPU
		{2DA36B89-9F93-4ED3-BCA2-CCDA77605708}.Release|Any CPU.ActiveCfg = Release|Any CPU
		{2DA36B89-9F93-4ED3-BCA2-CCDA77605708}.Release|Any CPU.Build.0 = Release|Any CPU
		{41E92FEE-24BB-43C5-900E-1BC73F6862AC}.Debug|Any CPU.ActiveCfg = Debug|Any CPU
		{41E92FEE-24BB-43C5-900E-1BC73F6862AC}.Debug|Any CPU.Build.0 = Debug|Any CPU
		{41E92FEE-24BB-43C5-900E-1BC73F6862AC}.Release|Any CPU.ActiveCfg = Release|Any CPU
		{41E92FEE-24BB-43C5-900E-1BC73F6862AC}.Release|Any CPU.Build.0 = Release|Any CPU
		{E34FFC24-566A-4094-9D00-89C72B9E54D4}.Debug|Any CPU.ActiveCfg = Debug|Any CPU
		{E34FFC24-566A-4094-9D00-89C72B9E54D4}.Debug|Any CPU.Build.0 = Debug|Any CPU
		{E34FFC24-566A-4094-9D00-89C72B9E54D4}.Release|Any CPU.ActiveCfg = Release|Any CPU
		{E34FFC24-566A-4094-9D00-89C72B9E54D4}.Release|Any CPU.Build.0 = Release|Any CPU
		{23D5168B-0B81-44B7-8B06-E1187D97AE91}.Debug|Any CPU.ActiveCfg = Debug|Any CPU
		{23D5168B-0B81-44B7-8B06-E1187D97AE91}.Debug|Any CPU.Build.0 = Debug|Any CPU
		{23D5168B-0B81-44B7-8B06-E1187D97AE91}.Release|Any CPU.ActiveCfg = Release|Any CPU
		{23D5168B-0B81-44B7-8B06-E1187D97AE91}.Release|Any CPU.Build.0 = Release|Any CPU
		{E717033A-C172-4EC0-90A6-B268BDF842F5}.Debug|Any CPU.ActiveCfg = Debug|Any CPU
		{E717033A-C172-4EC0-90A6-B268BDF842F5}.Debug|Any CPU.Build.0 = Debug|Any CPU
		{E717033A-C172-4EC0-90A6-B268BDF842F5}.Release|Any CPU.ActiveCfg = Release|Any CPU
		{E717033A-C172-4EC0-90A6-B268BDF842F5}.Release|Any CPU.Build.0 = Release|Any CPU
		{498B61D6-D808-4A6A-8CE4-24A8D85C1EB8}.Debug|Any CPU.ActiveCfg = Debug|Any CPU
		{498B61D6-D808-4A6A-8CE4-24A8D85C1EB8}.Debug|Any CPU.Build.0 = Debug|Any CPU
		{498B61D6-D808-4A6A-8CE4-24A8D85C1EB8}.Release|Any CPU.ActiveCfg = Release|Any CPU
		{498B61D6-D808-4A6A-8CE4-24A8D85C1EB8}.Release|Any CPU.Build.0 = Release|Any CPU
		{879A6782-F24A-4ED2-AA3C-7DC814FF60BE}.Debug|Any CPU.ActiveCfg = Debug|Any CPU
		{879A6782-F24A-4ED2-AA3C-7DC814FF60BE}.Debug|Any CPU.Build.0 = Debug|Any CPU
		{879A6782-F24A-4ED2-AA3C-7DC814FF60BE}.Release|Any CPU.ActiveCfg = Release|Any CPU
		{879A6782-F24A-4ED2-AA3C-7DC814FF60BE}.Release|Any CPU.Build.0 = Release|Any CPU
	EndGlobalSection
	GlobalSection(SolutionProperties) = preSolution
		HideSolutionNode = FALSE
	EndGlobalSection
	GlobalSection(ExtensibilityGlobals) = postSolution
		SolutionGuid = {27BD5965-C645-43FF-9B1A-951064B9FEFD}
	EndGlobalSection
EndGlobal
